// !$*UTF8*$!
{
	archiveVersion = 1;
	classes = {
	};
	objectVersion = 46;
	objects = {

/* Begin PBXBuildFile section */
		231F61CC1F21E387000BAB30 /* AtlassianURLConnectionDelegate.h in Headers */ = {isa = PBXBuildFile; fileRef = 231F61CB1F21E387000BAB30 /* AtlassianURLConnectionDelegate.h */; };
		231F61CE1F21E45D000BAB30 /* AtlassianURLConnectionDelegate.m in Sources */ = {isa = PBXBuildFile; fileRef = 231F61CD1F21E45D000BAB30 /* AtlassianURLConnectionDelegate.m */; };
		23874B441F215E1E0089E9E4 /* AtlassianSketchFramework.m in Sources */ = {isa = PBXBuildFile; fileRef = 23874B431F215E1E0089E9E4 /* AtlassianSketchFramework.m */; };
		23874B4B1F215E1E0089E9E4 /* AtlassianSketchFramework.framework in Frameworks */ = {isa = PBXBuildFile; fileRef = 23874B3D1F215E1E0089E9E4 /* AtlassianSketchFramework.framework */; };
		23874B501F215E1E0089E9E4 /* AtlassianSketchFrameworkTests.m in Sources */ = {isa = PBXBuildFile; fileRef = 23874B4F1F215E1E0089E9E4 /* AtlassianSketchFrameworkTests.m */; };
		23874B521F215E1E0089E9E4 /* AtlassianSketchFramework.h in Headers */ = {isa = PBXBuildFile; fileRef = 23874B401F215E1E0089E9E4 /* AtlassianSketchFramework.h */; settings = {ATTRIBUTES = (Public, ); }; };
/* End PBXBuildFile section */

/* Begin PBXContainerItemProxy section */
		23874B4C1F215E1E0089E9E4 /* PBXContainerItemProxy */ = {
			isa = PBXContainerItemProxy;
			containerPortal = 23874B331F215E1E0089E9E4 /* Project object */;
			proxyType = 1;
			remoteGlobalIDString = 23874B3C1F215E1E0089E9E4;
			remoteInfo = AtlassianSketchFramework;
		};
/* End PBXContainerItemProxy section */

/* Begin PBXFileReference section */
		231F61CB1F21E387000BAB30 /* AtlassianURLConnectionDelegate.h */ = {isa = PBXFileReference; fileEncoding = 4; lastKnownFileType = sourcecode.c.h; path = AtlassianURLConnectionDelegate.h; sourceTree = "<group>"; };
		231F61CD1F21E45D000BAB30 /* AtlassianURLConnectionDelegate.m */ = {isa = PBXFileReference; fileEncoding = 4; lastKnownFileType = sourcecode.c.objc; path = AtlassianURLConnectionDelegate.m; sourceTree = "<group>"; };
		23874B3D1F215E1E0089E9E4 /* AtlassianSketchFramework.framework */ = {isa = PBXFileReference; explicitFileType = wrapper.framework; includeInIndex = 0; path = AtlassianSketchFramework.framework; sourceTree = BUILT_PRODUCTS_DIR; };
		23874B401F215E1E0089E9E4 /* AtlassianSketchFramework.h */ = {isa = PBXFileReference; lastKnownFileType = sourcecode.c.h; path = AtlassianSketchFramework.h; sourceTree = "<group>"; };
		23874B431F215E1E0089E9E4 /* AtlassianSketchFramework.m */ = {isa = PBXFileReference; lastKnownFileType = sourcecode.c.objc; path = AtlassianSketchFramework.m; sourceTree = "<group>"; };
		23874B451F215E1E0089E9E4 /* Info.plist */ = {isa = PBXFileReference; lastKnownFileType = text.plist.xml; path = Info.plist; sourceTree = "<group>"; };
		23874B4A1F215E1E0089E9E4 /* AtlassianSketchFrameworkTests.xctest */ = {isa = PBXFileReference; explicitFileType = wrapper.cfbundle; includeInIndex = 0; path = AtlassianSketchFrameworkTests.xctest; sourceTree = BUILT_PRODUCTS_DIR; };
		23874B4F1F215E1E0089E9E4 /* AtlassianSketchFrameworkTests.m */ = {isa = PBXFileReference; lastKnownFileType = sourcecode.c.objc; path = AtlassianSketchFrameworkTests.m; sourceTree = "<group>"; };
		23874B511F215E1E0089E9E4 /* Info.plist */ = {isa = PBXFileReference; lastKnownFileType = text.plist.xml; path = Info.plist; sourceTree = "<group>"; };
/* End PBXFileReference section */

/* Begin PBXFrameworksBuildPhase section */
		23874B381F215E1E0089E9E4 /* Frameworks */ = {
			isa = PBXFrameworksBuildPhase;
			buildActionMask = 2147483647;
			files = (
			);
			runOnlyForDeploymentPostprocessing = 0;
		};
		23874B471F215E1E0089E9E4 /* Frameworks */ = {
			isa = PBXFrameworksBuildPhase;
			buildActionMask = 2147483647;
			files = (
				23874B4B1F215E1E0089E9E4 /* AtlassianSketchFramework.framework in Frameworks */,
			);
			runOnlyForDeploymentPostprocessing = 0;
		};
/* End PBXFrameworksBuildPhase section */

/* Begin PBXGroup section */
		23874B321F215E1E0089E9E4 = {
			isa = PBXGroup;
			children = (
				23874B3F1F215E1E0089E9E4 /* AtlassianSketchFramework */,
				23874B4E1F215E1E0089E9E4 /* AtlassianSketchFrameworkTests */,
				23874B3E1F215E1E0089E9E4 /* Products */,
			);
			sourceTree = "<group>";
		};
		23874B3E1F215E1E0089E9E4 /* Products */ = {
			isa = PBXGroup;
			children = (
				23874B3D1F215E1E0089E9E4 /* AtlassianSketchFramework.framework */,
				23874B4A1F215E1E0089E9E4 /* AtlassianSketchFrameworkTests.xctest */,
			);
			name = Products;
			sourceTree = "<group>";
		};
		23874B3F1F215E1E0089E9E4 /* AtlassianSketchFramework */ = {
			isa = PBXGroup;
			children = (
				23874B401F215E1E0089E9E4 /* AtlassianSketchFramework.h */,
				231F61CB1F21E387000BAB30 /* AtlassianURLConnectionDelegate.h */,
				231F61CD1F21E45D000BAB30 /* AtlassianURLConnectionDelegate.m */,
				23874B431F215E1E0089E9E4 /* AtlassianSketchFramework.m */,
				23874B451F215E1E0089E9E4 /* Info.plist */,
			);
			path = AtlassianSketchFramework;
			sourceTree = "<group>";
		};
		23874B4E1F215E1E0089E9E4 /* AtlassianSketchFrameworkTests */ = {
			isa = PBXGroup;
			children = (
				23874B4F1F215E1E0089E9E4 /* AtlassianSketchFrameworkTests.m */,
				23874B511F215E1E0089E9E4 /* Info.plist */,
			);
			path = AtlassianSketchFrameworkTests;
			sourceTree = "<group>";
		};
/* End PBXGroup section */

/* Begin PBXHeadersBuildPhase section */
		23874B391F215E1E0089E9E4 /* Headers */ = {
			isa = PBXHeadersBuildPhase;
			buildActionMask = 2147483647;
			files = (
				231F61CC1F21E387000BAB30 /* AtlassianURLConnectionDelegate.h in Headers */,
				23874B521F215E1E0089E9E4 /* AtlassianSketchFramework.h in Headers */,
			);
			runOnlyForDeploymentPostprocessing = 0;
		};
/* End PBXHeadersBuildPhase section */

/* Begin PBXNativeTarget section */
		23874B3C1F215E1E0089E9E4 /* AtlassianSketchFramework */ = {
			isa = PBXNativeTarget;
			buildConfigurationList = 23874B551F215E1E0089E9E4 /* Build configuration list for PBXNativeTarget "AtlassianSketchFramework" */;
			buildPhases = (
				23874B371F215E1E0089E9E4 /* Sources */,
				23874B381F215E1E0089E9E4 /* Frameworks */,
				23874B391F215E1E0089E9E4 /* Headers */,
				23874B3A1F215E1E0089E9E4 /* Resources */,
				23874B3B1F215E1E0089E9E4 /* ShellScript */,
			);
			buildRules = (
			);
			dependencies = (
			);
			name = AtlassianSketchFramework;
			productName = AtlassianSketchFramework;
			productReference = 23874B3D1F215E1E0089E9E4 /* AtlassianSketchFramework.framework */;
			productType = "com.apple.product-type.framework";
		};
		23874B491F215E1E0089E9E4 /* AtlassianSketchFrameworkTests */ = {
			isa = PBXNativeTarget;
			buildConfigurationList = 23874B581F215E1E0089E9E4 /* Build configuration list for PBXNativeTarget "AtlassianSketchFrameworkTests" */;
			buildPhases = (
				23874B461F215E1E0089E9E4 /* Sources */,
				23874B471F215E1E0089E9E4 /* Frameworks */,
				23874B481F215E1E0089E9E4 /* Resources */,
			);
			buildRules = (
			);
			dependencies = (
				23874B4D1F215E1E0089E9E4 /* PBXTargetDependency */,
			);
			name = AtlassianSketchFrameworkTests;
			productName = AtlassianSketchFrameworkTests;
			productReference = 23874B4A1F215E1E0089E9E4 /* AtlassianSketchFrameworkTests.xctest */;
			productType = "com.apple.product-type.bundle.unit-test";
		};
/* End PBXNativeTarget section */

/* Begin PBXProject section */
		23874B331F215E1E0089E9E4 /* Project object */ = {
			isa = PBXProject;
			attributes = {
				LastUpgradeCheck = 0830;
				ORGANIZATIONNAME = Atlassian;
				TargetAttributes = {
					23874B3C1F215E1E0089E9E4 = {
						CreatedOnToolsVersion = 8.3.3;
						ProvisioningStyle = Automatic;
					};
					23874B491F215E1E0089E9E4 = {
						CreatedOnToolsVersion = 8.3.3;
						ProvisioningStyle = Automatic;
					};
				};
			};
			buildConfigurationList = 23874B361F215E1E0089E9E4 /* Build configuration list for PBXProject "AtlassianSketchFramework" */;
			compatibilityVersion = "Xcode 3.2";
			developmentRegion = English;
			hasScannedForEncodings = 0;
			knownRegions = (
				en,
			);
			mainGroup = 23874B321F215E1E0089E9E4;
			productRefGroup = 23874B3E1F215E1E0089E9E4 /* Products */;
			projectDirPath = "";
			projectRoot = "";
			targets = (
				23874B3C1F215E1E0089E9E4 /* AtlassianSketchFramework */,
				23874B491F215E1E0089E9E4 /* AtlassianSketchFrameworkTests */,
			);
		};
/* End PBXProject section */

/* Begin PBXResourcesBuildPhase section */
		23874B3A1F215E1E0089E9E4 /* Resources */ = {
			isa = PBXResourcesBuildPhase;
			buildActionMask = 2147483647;
			files = (
			);
			runOnlyForDeploymentPostprocessing = 0;
		};
		23874B481F215E1E0089E9E4 /* Resources */ = {
			isa = PBXResourcesBuildPhase;
			buildActionMask = 2147483647;
			files = (
			);
			runOnlyForDeploymentPostprocessing = 0;
		};
/* End PBXResourcesBuildPhase section */

/* Begin PBXShellScriptBuildPhase section */
		23874B3B1F215E1E0089E9E4 /* ShellScript */ = {
			isa = PBXShellScriptBuildPhase;
			buildActionMask = 2147483647;
			files = (
			);
			inputPaths = (
			);
			outputPaths = (
			);
			runOnlyForDeploymentPostprocessing = 0;
			shellPath = /bin/sh;
			shellScript = "# Copy .js to .framework/.js\nRESOURCES_TARGET=${SRCROOT}/../jira.sketchplugin/Contents/Resources/${FULL_PRODUCT_NAME}\nrm -rf ${RESOURCES_TARGET}\ncp -r ${TARGET_BUILD_DIR}/${FULL_PRODUCT_NAME} ${RESOURCES_TARGET}";
		};
/* End PBXShellScriptBuildPhase section */

/* Begin PBXSourcesBuildPhase section */
		23874B371F215E1E0089E9E4 /* Sources */ = {
			isa = PBXSourcesBuildPhase;
			buildActionMask = 2147483647;
			files = (
				231F61CE1F21E45D000BAB30 /* AtlassianURLConnectionDelegate.m in Sources */,
				23874B441F215E1E0089E9E4 /* AtlassianSketchFramework.m in Sources */,
			);
			runOnlyForDeploymentPostprocessing = 0;
		};
		23874B461F215E1E0089E9E4 /* Sources */ = {
			isa = PBXSourcesBuildPhase;
			buildActionMask = 2147483647;
			files = (
				23874B501F215E1E0089E9E4 /* AtlassianSketchFrameworkTests.m in Sources */,
			);
			runOnlyForDeploymentPostprocessing = 0;
		};
/* End PBXSourcesBuildPhase section */

/* Begin PBXTargetDependency section */
		23874B4D1F215E1E0089E9E4 /* PBXTargetDependency */ = {
			isa = PBXTargetDependency;
			target = 23874B3C1F215E1E0089E9E4 /* AtlassianSketchFramework */;
			targetProxy = 23874B4C1F215E1E0089E9E4 /* PBXContainerItemProxy */;
		};
/* End PBXTargetDependency section */

/* Begin XCBuildConfiguration section */
		23874B531F215E1E0089E9E4 /* Debug */ = {
			isa = XCBuildConfiguration;
			buildSettings = {
				ALWAYS_SEARCH_USER_PATHS = NO;
				CLANG_ANALYZER_NONNULL = YES;
				CLANG_ANALYZER_NUMBER_OBJECT_CONVERSION = YES_AGGRESSIVE;
				CLANG_CXX_LANGUAGE_STANDARD = "gnu++0x";
				CLANG_CXX_LIBRARY = "libc++";
				CLANG_ENABLE_MODULES = YES;
				CLANG_ENABLE_OBJC_ARC = YES;
				CLANG_WARN_BOOL_CONVERSION = YES;
				CLANG_WARN_CONSTANT_CONVERSION = YES;
				CLANG_WARN_DIRECT_OBJC_ISA_USAGE = YES_ERROR;
				CLANG_WARN_DOCUMENTATION_COMMENTS = YES;
				CLANG_WARN_EMPTY_BODY = YES;
				CLANG_WARN_ENUM_CONVERSION = YES;
				CLANG_WARN_INFINITE_RECURSION = YES;
				CLANG_WARN_INT_CONVERSION = YES;
				CLANG_WARN_OBJC_ROOT_CLASS = YES_ERROR;
				CLANG_WARN_SUSPICIOUS_MOVE = YES;
				CLANG_WARN_UNREACHABLE_CODE = YES;
				CLANG_WARN__DUPLICATE_METHOD_MATCH = YES;
				CODE_SIGN_IDENTITY = "-";
				COPY_PHASE_STRIP = NO;
				CURRENT_PROJECT_VERSION = 1;
				DEBUG_INFORMATION_FORMAT = dwarf;
				ENABLE_STRICT_OBJC_MSGSEND = YES;
				ENABLE_TESTABILITY = YES;
				GCC_C_LANGUAGE_STANDARD = gnu99;
				GCC_DYNAMIC_NO_PIC = NO;
				GCC_NO_COMMON_BLOCKS = YES;
				GCC_OPTIMIZATION_LEVEL = 0;
				GCC_PREPROCESSOR_DEFINITIONS = (
					"DEBUG=1",
					"$(inherited)",
				);
				GCC_WARN_64_TO_32_BIT_CONVERSION = YES;
				GCC_WARN_ABOUT_RETURN_TYPE = YES_ERROR;
				GCC_WARN_UNDECLARED_SELECTOR = YES;
				GCC_WARN_UNINITIALIZED_AUTOS = YES_AGGRESSIVE;
				GCC_WARN_UNUSED_FUNCTION = YES;
				GCC_WARN_UNUSED_VARIABLE = YES;
				MACOSX_DEPLOYMENT_TARGET = 10.12;
				MTL_ENABLE_DEBUG_INFO = YES;
				ONLY_ACTIVE_ARCH = YES;
				SDKROOT = macosx;
				VERSIONING_SYSTEM = "apple-generic";
				VERSION_INFO_PREFIX = "";
			};
			name = Debug;
		};
		23874B541F215E1E0089E9E4 /* Release */ = {
			isa = XCBuildConfiguration;
			buildSettings = {
				ALWAYS_SEARCH_USER_PATHS = NO;
				CLANG_ANALYZER_NONNULL = YES;
				CLANG_ANALYZER_NUMBER_OBJECT_CONVERSION = YES_AGGRESSIVE;
				CLANG_CXX_LANGUAGE_STANDARD = "gnu++0x";
				CLANG_CXX_LIBRARY = "libc++";
				CLANG_ENABLE_MODULES = YES;
				CLANG_ENABLE_OBJC_ARC = YES;
				CLANG_WARN_BOOL_CONVERSION = YES;
				CLANG_WARN_CONSTANT_CONVERSION = YES;
				CLANG_WARN_DIRECT_OBJC_ISA_USAGE = YES_ERROR;
				CLANG_WARN_DOCUMENTATION_COMMENTS = YES;
				CLANG_WARN_EMPTY_BODY = YES;
				CLANG_WARN_ENUM_CONVERSION = YES;
				CLANG_WARN_INFINITE_RECURSION = YES;
				CLANG_WARN_INT_CONVERSION = YES;
				CLANG_WARN_OBJC_ROOT_CLASS = YES_ERROR;
				CLANG_WARN_SUSPICIOUS_MOVE = YES;
				CLANG_WARN_UNREACHABLE_CODE = YES;
				CLANG_WARN__DUPLICATE_METHOD_MATCH = YES;
				CODE_SIGN_IDENTITY = "-";
				COPY_PHASE_STRIP = NO;
				CURRENT_PROJECT_VERSION = 1;
				DEBUG_INFORMATION_FORMAT = "dwarf-with-dsym";
				ENABLE_NS_ASSERTIONS = NO;
				ENABLE_STRICT_OBJC_MSGSEND = YES;
				GCC_C_LANGUAGE_STANDARD = gnu99;
				GCC_NO_COMMON_BLOCKS = YES;
				GCC_WARN_64_TO_32_BIT_CONVERSION = YES;
				GCC_WARN_ABOUT_RETURN_TYPE = YES_ERROR;
				GCC_WARN_UNDECLARED_SELECTOR = YES;
				GCC_WARN_UNINITIALIZED_AUTOS = YES_AGGRESSIVE;
				GCC_WARN_UNUSED_FUNCTION = YES;
				GCC_WARN_UNUSED_VARIABLE = YES;
				MACOSX_DEPLOYMENT_TARGET = 10.12;
				MTL_ENABLE_DEBUG_INFO = NO;
				SDKROOT = macosx;
				VERSIONING_SYSTEM = "apple-generic";
				VERSION_INFO_PREFIX = "";
			};
			name = Release;
		};
		23874B561F215E1E0089E9E4 /* Debug */ = {
			isa = XCBuildConfiguration;
			buildSettings = {
				CODE_SIGN_IDENTITY = "";
				COMBINE_HIDPI_IMAGES = YES;
				DEFINES_MODULE = YES;
				DYLIB_COMPATIBILITY_VERSION = 1;
				DYLIB_CURRENT_VERSION = 1;
				DYLIB_INSTALL_NAME_BASE = "@rpath";
				FRAMEWORK_VERSION = A;
				INFOPLIST_FILE = AtlassianSketchFramework/Info.plist;
				INSTALL_PATH = "$(LOCAL_LIBRARY_DIR)/Frameworks";
				LD_RUNPATH_SEARCH_PATHS = "$(inherited) @executable_path/../Frameworks @loader_path/Frameworks";
				PRODUCT_BUNDLE_IDENTIFIER = com.atlassian.AtlassianSketchFramework;
				PRODUCT_NAME = "$(TARGET_NAME)";
				SKIP_INSTALL = YES;
			};
			name = Debug;
		};
		23874B571F215E1E0089E9E4 /* Release */ = {
			isa = XCBuildConfiguration;
			buildSettings = {
				CODE_SIGN_IDENTITY = "";
				COMBINE_HIDPI_IMAGES = YES;
				DEFINES_MODULE = YES;
				DYLIB_COMPATIBILITY_VERSION = 1;
				DYLIB_CURRENT_VERSION = 1;
				DYLIB_INSTALL_NAME_BASE = "@rpath";
				FRAMEWORK_VERSION = A;
				INFOPLIST_FILE = AtlassianSketchFramework/Info.plist;
				INSTALL_PATH = "$(LOCAL_LIBRARY_DIR)/Frameworks";
				LD_RUNPATH_SEARCH_PATHS = "$(inherited) @executable_path/../Frameworks @loader_path/Frameworks";
				PRODUCT_BUNDLE_IDENTIFIER = com.atlassian.AtlassianSketchFramework;
				PRODUCT_NAME = "$(TARGET_NAME)";
				SKIP_INSTALL = YES;
			};
			name = Release;
		};
		23874B591F215E1E0089E9E4 /* Debug */ = {
			isa = XCBuildConfiguration;
			buildSettings = {
				COMBINE_HIDPI_IMAGES = YES;
				INFOPLIST_FILE = AtlassianSketchFrameworkTests/Info.plist;
				LD_RUNPATH_SEARCH_PATHS = "$(inherited) @executable_path/../Frameworks @loader_path/../Frameworks";
				PRODUCT_BUNDLE_IDENTIFIER = com.atlassian.AtlassianSketchFrameworkTests;
				PRODUCT_NAME = "$(TARGET_NAME)";
			};
			name = Debug;
		};
		23874B5A1F215E1E0089E9E4 /* Release */ = {
			isa = XCBuildConfiguration;
			buildSettings = {
				COMBINE_HIDPI_IMAGES = YES;
				INFOPLIST_FILE = AtlassianSketchFrameworkTests/Info.plist;
				LD_RUNPATH_SEARCH_PATHS = "$(inherited) @executable_path/../Frameworks @loader_path/../Frameworks";
				PRODUCT_BUNDLE_IDENTIFIER = com.atlassian.AtlassianSketchFrameworkTests;
				PRODUCT_NAME = "$(TARGET_NAME)";
			};
			name = Release;
		};
/* End XCBuildConfiguration section */

/* Begin XCConfigurationList section */
		23874B361F215E1E0089E9E4 /* Build configuration list for PBXProject "AtlassianSketchFramework" */ = {
			isa = XCConfigurationList;
			buildConfigurations = (
				23874B531F215E1E0089E9E4 /* Debug */,
				23874B541F215E1E0089E9E4 /* Release */,
			);
			defaultConfigurationIsVisible = 0;
			defaultConfigurationName = Release;
		};
		23874B551F215E1E0089E9E4 /* Build configuration list for PBXNativeTarget "AtlassianSketchFramework" */ = {
			isa = XCConfigurationList;
			buildConfigurations = (
				23874B561F215E1E0089E9E4 /* Debug */,
				23874B571F215E1E0089E9E4 /* Release */,
			);
			defaultConfigurationIsVisible = 0;
			defaultConfigurationName = Release;
		};
		23874B581F215E1E0089E9E4 /* Build configuration list for PBXNativeTarget "AtlassianSketchFrameworkTests" */ = {
			isa = XCConfigurationList;
			buildConfigurations = (
				23874B591F215E1E0089E9E4 /* Debug */,
				23874B5A1F215E1E0089E9E4 /* Release */,
			);
			defaultConfigurationIsVisible = 0;
			defaultConfigurationName = Release;
		};
/* End XCConfigurationList section */
	};
	rootObject = 23874B331F215E1E0089E9E4 /* Project object */;
}
